
Microsoft Visual Studio Solution File, Format Version 12.00
# Visual Studio Version 17
VisualStudioVersion = 17.13.35931.197
MinimumVisualStudioVersion = 10.0.40219.1
Project("{2150E333-8FDC-42A3-9474-1A3956D46DE8}") = "Library", "Library", "{02EA681E-C7D8-13C7-8484-4AC65E1B71E8}"
EndProject
Project("{FAE04EC0-301F-11D3-BF4B-00C04F79EFBC}") = "Shared", "Shared\Shared.csproj", "{785CB0C3-08D7-4555-AF64-4834DBEC098A}"
EndProject
Project("{2150E333-8FDC-42A3-9474-1A3956D46DE8}") = "Database", "Database", "{E54E4CEC-3629-45E9-B72F-FA09BF86AA03}"
EndProject
Project("{00D1A9C2-B5F0-4AF3-8072-F6C62B433612}") = "Schema", "Schema\Schema.sqlproj", "{79DA05D8-5789-4C29-A098-6ACAA61C7A8D}"
EndProject
Project("{2150E333-8FDC-42A3-9474-1A3956D46DE8}") = "App", "App", "{28475BAD-1ECA-4FEF-A17D-F01D531D232D}"
EndProject
Project("{FAE04EC0-301F-11D3-BF4B-00C04F79EFBC}") = "Host", "Host\Host.csproj", "{D223905C-36BF-44C8-A388-6F491C022B8C}"
EndProject
Project("{FAE04EC0-301F-11D3-BF4B-00C04F79EFBC}") = "Client", "Client\Client.csproj", "{6A40FE7D-2A02-45C6-8335-75DCFDF75C95}"
EndProject
Global
	GlobalSection(SolutionConfigurationPlatforms) = preSolution
		Debug|Any CPU = Debug|Any CPU
		Release|Any CPU = Release|Any CPU
	EndGlobalSection
	GlobalSection(ProjectConfigurationPlatforms) = postSolution
		{785CB0C3-08D7-4555-AF64-4834DBEC098A}.Debug|Any CPU.ActiveCfg = Debug|Any CPU
		{785CB0C3-08D7-4555-AF64-4834DBEC098A}.Debug|Any CPU.Build.0 = Debug|Any CPU
		{785CB0C3-08D7-4555-AF64-4834DBEC098A}.Release|Any CPU.ActiveCfg = Release|Any CPU
		{785CB0C3-08D7-4555-AF64-4834DBEC098A}.Release|Any CPU.Build.0 = Release|Any CPU
		{79DA05D8-5789-4C29-A098-6ACAA61C7A8D}.Debug|Any CPU.ActiveCfg = Debug|Any CPU
		{79DA05D8-5789-4C29-A098-6ACAA61C7A8D}.Debug|Any CPU.Build.0 = Debug|Any CPU
		{79DA05D8-5789-4C29-A098-6ACAA61C7A8D}.Debug|Any CPU.Deploy.0 = Debug|Any CPU
		{79DA05D8-5789-4C29-A098-6ACAA61C7A8D}.Release|Any CPU.ActiveCfg = Release|Any CPU
		{79DA05D8-5789-4C29-A098-6ACAA61C7A8D}.Release|Any CPU.Build.0 = Release|Any CPU
		{79DA05D8-5789-4C29-A098-6ACAA61C7A8D}.Release|Any CPU.Deploy.0 = Release|Any CPU
		{D223905C-36BF-44C8-A388-6F491C022B8C}.Debug|Any CPU.ActiveCfg = Debug|Any CPU
		{D223905C-36BF-44C8-A388-6F491C022B8C}.Debug|Any CPU.Build.0 = Debug|Any CPU
		{D223905C-36BF-44C8-A388-6F491C022B8C}.Release|Any CPU.ActiveCfg = Release|Any CPU
		{D223905C-36BF-44C8-A388-6F491C022B8C}.Release|Any CPU.Build.0 = Release|Any CPU
		{6A40FE7D-2A02-45C6-8335-75DCFDF75C95}.Debug|Any CPU.ActiveCfg = Debug|Any CPU
		{6A40FE7D-2A02-45C6-8335-75DCFDF75C95}.Debug|Any CPU.Build.0 = Debug|Any CPU
		{6A40FE7D-2A02-45C6-8335-75DCFDF75C95}.Release|Any CPU.ActiveCfg = Release|Any CPU
		{6A40FE7D-2A02-45C6-8335-75DCFDF75C95}.Release|Any CPU.Build.0 = Release|Any CPU
	EndGlobalSection
	GlobalSection(SolutionProperties) = preSolution
		HideSolutionNode = FALSE
	EndGlobalSection
	GlobalSection(NestedProjects) = preSolution
		{785CB0C3-08D7-4555-AF64-4834DBEC098A} = {02EA681E-C7D8-13C7-8484-4AC65E1B71E8}
		{79DA05D8-5789-4C29-A098-6ACAA61C7A8D} = {E54E4CEC-3629-45E9-B72F-FA09BF86AA03}
		{D223905C-36BF-44C8-A388-6F491C022B8C} = {28475BAD-1ECA-4FEF-A17D-F01D531D232D}
		{6A40FE7D-2A02-45C6-8335-75DCFDF75C95} = {28475BAD-1ECA-4FEF-A17D-F01D531D232D}
	EndGlobalSection
	GlobalSection(ExtensibilityGlobals) = postSolution
		SolutionGuid = {B973B916-D6EC-4231-8098-BE59FB0CC065}
	EndGlobalSection
EndGlobal
